// !$*UTF8*$!
{
	archiveVersion = 1;
	classes = {
	};
	objectVersion = 56;
	objects = {

/* Begin PBXBuildFile section */
		5201A17D2BA33308006F7969 /* AppDelegate.swift in Sources */ = {isa = PBXBuildFile; fileRef = 5201A17C2BA33308006F7969 /* AppDelegate.swift */; };
		5201A17F2BA33308006F7969 /* SceneDelegate.swift in Sources */ = {isa = PBXBuildFile; fileRef = 5201A17E2BA33308006F7969 /* SceneDelegate.swift */; };
		5201A1812BA33308006F7969 /* ViewController.swift in Sources */ = {isa = PBXBuildFile; fileRef = 5201A1802BA33308006F7969 /* ViewController.swift */; };
		5201A1842BA33308006F7969 /* Main.storyboard in Resources */ = {isa = PBXBuildFile; fileRef = 5201A1822BA33308006F7969 /* Main.storyboard */; };
		5201A1862BA3330B006F7969 /* Assets.xcassets in Resources */ = {isa = PBXBuildFile; fileRef = 5201A1852BA3330B006F7969 /* Assets.xcassets */; };
		5201A1892BA3330B006F7969 /* LaunchScreen.storyboard in Resources */ = {isa = PBXBuildFile; fileRef = 5201A1872BA3330B006F7969 /* LaunchScreen.storyboard */; };
		5201A1942BA3330C006F7969 /* BottomSheetDropdownTests.swift in Sources */ = {isa = PBXBuildFile; fileRef = 5201A1932BA3330C006F7969 /* BottomSheetDropdownTests.swift */; };
		5201A19E2BA3330C006F7969 /* BottomSheetDropdownUITests.swift in Sources */ = {isa = PBXBuildFile; fileRef = 5201A19D2BA3330C006F7969 /* BottomSheetDropdownUITests.swift */; };
		5201A1A02BA3330C006F7969 /* BottomSheetDropdownUITestsLaunchTests.swift in Sources */ = {isa = PBXBuildFile; fileRef = 5201A19F2BA3330C006F7969 /* BottomSheetDropdownUITestsLaunchTests.swift */; };
/* End PBXBuildFile section */

/* Begin PBXContainerItemProxy section */
		5201A1902BA3330C006F7969 /* PBXContainerItemProxy */ = {
			isa = PBXContainerItemProxy;
			containerPortal = 5201A1712BA33308006F7969 /* Project object */;
			proxyType = 1;
			remoteGlobalIDString = 5201A1782BA33308006F7969;
			remoteInfo = BottomSheetDropdown;
		};
		5201A19A2BA3330C006F7969 /* PBXContainerItemProxy */ = {
			isa = PBXContainerItemProxy;
			containerPortal = 5201A1712BA33308006F7969 /* Project object */;
			proxyType = 1;
			remoteGlobalIDString = 5201A1782BA33308006F7969;
			remoteInfo = BottomSheetDropdown;
		};
/* End PBXContainerItemProxy section */

/* Begin PBXFileReference section */
		5201A1792BA33308006F7969 /* BottomSheetDropdown.app */ = {isa = PBXFileReference; explicitFileType = wrapper.application; includeInIndex = 0; path = BottomSheetDropdown.app; sourceTree = BUILT_PRODUCTS_DIR; };
		5201A17C2BA33308006F7969 /* AppDelegate.swift */ = {isa = PBXFileReference; lastKnownFileType = sourcecode.swift; path = AppDelegate.swift; sourceTree = "<group>"; };
		5201A17E2BA33308006F7969 /* SceneDelegate.swift */ = {isa = PBXFileReference; lastKnownFileType = sourcecode.swift; path = SceneDelegate.swift; sourceTree = "<group>"; };
		5201A1802BA33308006F7969 /* ViewController.swift */ = {isa = PBXFileReference; lastKnownFileType = sourcecode.swift; path = ViewController.swift; sourceTree = "<group>"; };
		5201A1832BA33308006F7969 /* Base */ = {isa = PBXFileReference; lastKnownFileType = file.storyboard; name = Base; path = Base.lproj/Main.storyboard; sourceTree = "<group>"; };
		5201A1852BA3330B006F7969 /* Assets.xcassets */ = {isa = PBXFileReference; lastKnownFileType = folder.assetcatalog; path = Assets.xcassets; sourceTree = "<group>"; };
		5201A1882BA3330B006F7969 /* Base */ = {isa = PBXFileReference; lastKnownFileType = file.storyboard; name = Base; path = Base.lproj/LaunchScreen.storyboard; sourceTree = "<group>"; };
		5201A18A2BA3330B006F7969 /* Info.plist */ = {isa = PBXFileReference; lastKnownFileType = text.plist.xml; path = Info.plist; sourceTree = "<group>"; };
		5201A18F2BA3330C006F7969 /* BottomSheetDropdownTests.xctest */ = {isa = PBXFileReference; explicitFileType = wrapper.cfbundle; includeInIndex = 0; path = BottomSheetDropdownTests.xctest; sourceTree = BUILT_PRODUCTS_DIR; };
		5201A1932BA3330C006F7969 /* BottomSheetDropdownTests.swift */ = {isa = PBXFileReference; lastKnownFileType = sourcecode.swift; path = BottomSheetDropdownTests.swift; sourceTree = "<group>"; };
		5201A1992BA3330C006F7969 /* BottomSheetDropdownUITests.xctest */ = {isa = PBXFileReference; explicitFileType = wrapper.cfbundle; includeInIndex = 0; path = BottomSheetDropdownUITests.xctest; sourceTree = BUILT_PRODUCTS_DIR; };
		5201A19D2BA3330C006F7969 /* BottomSheetDropdownUITests.swift */ = {isa = PBXFileReference; lastKnownFileType = sourcecode.swift; path = BottomSheetDropdownUITests.swift; sourceTree = "<group>"; };
		5201A19F2BA3330C006F7969 /* BottomSheetDropdownUITestsLaunchTests.swift */ = {isa = PBXFileReference; lastKnownFileType = sourcecode.swift; path = BottomSheetDropdownUITestsLaunchTests.swift; sourceTree = "<group>"; };
/* End PBXFileReference section */

/* Begin PBXFrameworksBuildPhase section */
		5201A1762BA33308006F7969 /* Frameworks */ = {
			isa = PBXFrameworksBuildPhase;
			buildActionMask = 2147483647;
			files = (
			);
			runOnlyForDeploymentPostprocessing = 0;
		};
		5201A18C2BA3330C006F7969 /* Frameworks */ = {
			isa = PBXFrameworksBuildPhase;
			buildActionMask = 2147483647;
			files = (
			);
			runOnlyForDeploymentPostprocessing = 0;
		};
		5201A1962BA3330C006F7969 /* Frameworks */ = {
			isa = PBXFrameworksBuildPhase;
			buildActionMask = 2147483647;
			files = (
			);
			runOnlyForDeploymentPostprocessing = 0;
		};
/* End PBXFrameworksBuildPhase section */

/* Begin PBXGroup section */
		5201A1702BA33308006F7969 = {
			isa = PBXGroup;
			children = (
				5201A17B2BA33308006F7969 /* BottomSheetDropdown */,
				5201A1922BA3330C006F7969 /* BottomSheetDropdownTests */,
				5201A19C2BA3330C006F7969 /* BottomSheetDropdownUITests */,
				5201A17A2BA33308006F7969 /* Products */,
			);
			sourceTree = "<group>";
		};
		5201A17A2BA33308006F7969 /* Products */ = {
			isa = PBXGroup;
			children = (
				5201A1792BA33308006F7969 /* BottomSheetDropdown.app */,
				5201A18F2BA3330C006F7969 /* BottomSheetDropdownTests.xctest */,
				5201A1992BA3330C006F7969 /* BottomSheetDropdownUITests.xctest */,
			);
			name = Products;
			sourceTree = "<group>";
		};
		5201A17B2BA33308006F7969 /* BottomSheetDropdown */ = {
			isa = PBXGroup;
			children = (
				5201A17C2BA33308006F7969 /* AppDelegate.swift */,
				5201A17E2BA33308006F7969 /* SceneDelegate.swift */,
				5201A1802BA33308006F7969 /* ViewController.swift */,
				5201A1822BA33308006F7969 /* Main.storyboard */,
				5201A1852BA3330B006F7969 /* Assets.xcassets */,
				5201A1872BA3330B006F7969 /* LaunchScreen.storyboard */,
				5201A18A2BA3330B006F7969 /* Info.plist */,
			);
			path = BottomSheetDropdown;
			sourceTree = "<group>";
		};
		5201A1922BA3330C006F7969 /* BottomSheetDropdownTests */ = {
			isa = PBXGroup;
			children = (
				5201A1932BA3330C006F7969 /* BottomSheetDropdownTests.swift */,
			);
			path = BottomSheetDropdownTests;
			sourceTree = "<group>";
		};
		5201A19C2BA3330C006F7969 /* BottomSheetDropdownUITests */ = {
			isa = PBXGroup;
			children = (
				5201A19D2BA3330C006F7969 /* BottomSheetDropdownUITests.swift */,
				5201A19F2BA3330C006F7969 /* BottomSheetDropdownUITestsLaunchTests.swift */,
			);
			path = BottomSheetDropdownUITests;
			sourceTree = "<group>";
		};
/* End PBXGroup section */

/* Begin PBXNativeTarget section */
		5201A1782BA33308006F7969 /* BottomSheetDropdown */ = {
			isa = PBXNativeTarget;
			buildConfigurationList = 5201A1A32BA3330C006F7969 /* Build configuration list for PBXNativeTarget "BottomSheetDropdown" */;
			buildPhases = (
				5201A1752BA33308006F7969 /* Sources */,
				5201A1762BA33308006F7969 /* Frameworks */,
				5201A1772BA33308006F7969 /* Resources */,
			);
			buildRules = (
			);
			dependencies = (
			);
			name = BottomSheetDropdown;
			productName = BottomSheetDropdown;
			productReference = 5201A1792BA33308006F7969 /* BottomSheetDropdown.app */;
			productType = "com.apple.product-type.application";
		};
		5201A18E2BA3330C006F7969 /* BottomSheetDropdownTests */ = {
			isa = PBXNativeTarget;
			buildConfigurationList = 5201A1A62BA3330C006F7969 /* Build configuration list for PBXNativeTarget "BottomSheetDropdownTests" */;
			buildPhases = (
				5201A18B2BA3330C006F7969 /* Sources */,
				5201A18C2BA3330C006F7969 /* Frameworks */,
				5201A18D2BA3330C006F7969 /* Resources */,
			);
			buildRules = (
			);
			dependencies = (
				5201A1912BA3330C006F7969 /* PBXTargetDependency */,
			);
			name = BottomSheetDropdownTests;
			productName = BottomSheetDropdownTests;
			productReference = 5201A18F2BA3330C006F7969 /* BottomSheetDropdownTests.xctest */;
			productType = "com.apple.product-type.bundle.unit-test";
		};
		5201A1982BA3330C006F7969 /* BottomSheetDropdownUITests */ = {
			isa = PBXNativeTarget;
			buildConfigurationList = 5201A1A92BA3330C006F7969 /* Build configuration list for PBXNativeTarget "BottomSheetDropdownUITests" */;
			buildPhases = (
				5201A1952BA3330C006F7969 /* Sources */,
				5201A1962BA3330C006F7969 /* Frameworks */,
				5201A1972BA3330C006F7969 /* Resources */,
			);
			buildRules = (
			);
			dependencies = (
				5201A19B2BA3330C006F7969 /* PBXTargetDependency */,
			);
			name = BottomSheetDropdownUITests;
			productName = BottomSheetDropdownUITests;
			productReference = 5201A1992BA3330C006F7969 /* BottomSheetDropdownUITests.xctest */;
			productType = "com.apple.product-type.bundle.ui-testing";
		};
/* End PBXNativeTarget section */

/* Begin PBXProject section */
		5201A1712BA33308006F7969 /* Project object */ = {
			isa = PBXProject;
			attributes = {
				BuildIndependentTargetsInParallel = 1;
				LastSwiftUpdateCheck = 1420;
				LastUpgradeCheck = 1420;
				TargetAttributes = {
					5201A1782BA33308006F7969 = {
						CreatedOnToolsVersion = 14.2;
					};
					5201A18E2BA3330C006F7969 = {
						CreatedOnToolsVersion = 14.2;
						TestTargetID = 5201A1782BA33308006F7969;
					};
					5201A1982BA3330C006F7969 = {
						CreatedOnToolsVersion = 14.2;
						TestTargetID = 5201A1782BA33308006F7969;
					};
				};
			};
			buildConfigurationList = 5201A1742BA33308006F7969 /* Build configuration list for PBXProject "BottomSheetDropdown" */;
			compatibilityVersion = "Xcode 14.0";
			developmentRegion = en;
			hasScannedForEncodings = 0;
			knownRegions = (
				en,
				Base,
			);
			mainGroup = 5201A1702BA33308006F7969;
			productRefGroup = 5201A17A2BA33308006F7969 /* Products */;
			projectDirPath = "";
			projectRoot = "";
			targets = (
				5201A1782BA33308006F7969 /* BottomSheetDropdown */,
				5201A18E2BA3330C006F7969 /* BottomSheetDropdownTests */,
				5201A1982BA3330C006F7969 /* BottomSheetDropdownUITests */,
			);
		};
/* End PBXProject section */

/* Begin PBXResourcesBuildPhase section */
		5201A1772BA33308006F7969 /* Resources */ = {
			isa = PBXResourcesBuildPhase;
			buildActionMask = 2147483647;
			files = (
				5201A1892BA3330B006F7969 /* LaunchScreen.storyboard in Resources */,
				5201A1862BA3330B006F7969 /* Assets.xcassets in Resources */,
				5201A1842BA33308006F7969 /* Main.storyboard in Resources */,
			);
			runOnlyForDeploymentPostprocessing = 0;
		};
		5201A18D2BA3330C006F7969 /* Resources */ = {
			isa = PBXResourcesBuildPhase;
			buildActionMask = 2147483647;
			files = (
			);
			runOnlyForDeploymentPostprocessing = 0;
		};
		5201A1972BA3330C006F7969 /* Resources */ = {
			isa = PBXResourcesBuildPhase;
			buildActionMask = 2147483647;
			files = (
			);
			runOnlyForDeploymentPostprocessing = 0;
		};
/* End PBXResourcesBuildPhase section */

/* Begin PBXSourcesBuildPhase section */
		5201A1752BA33308006F7969 /* Sources */ = {
			isa = PBXSourcesBuildPhase;
			buildActionMask = 2147483647;
			files = (
				5201A1812BA33308006F7969 /* ViewController.swift in Sources */,
				5201A17D2BA33308006F7969 /* AppDelegate.swift in Sources */,
				5201A17F2BA33308006F7969 /* SceneDelegate.swift in Sources */,
			);
			runOnlyForDeploymentPostprocessing = 0;
		};
		5201A18B2BA3330C006F7969 /* Sources */ = {
			isa = PBXSourcesBuildPhase;
			buildActionMask = 2147483647;
			files = (
				5201A1942BA3330C006F7969 /* BottomSheetDropdownTests.swift in Sources */,
			);
			runOnlyForDeploymentPostprocessing = 0;
		};
		5201A1952BA3330C006F7969 /* Sources */ = {
			isa = PBXSourcesBuildPhase;
			buildActionMask = 2147483647;
			files = (
				5201A1A02BA3330C006F7969 /* BottomSheetDropdownUITestsLaunchTests.swift in Sources */,
				5201A19E2BA3330C006F7969 /* BottomSheetDropdownUITests.swift in Sources */,
			);
			runOnlyForDeploymentPostprocessing = 0;
		};
/* End PBXSourcesBuildPhase section */

/* Begin PBXTargetDependency section */
		5201A1912BA3330C006F7969 /* PBXTargetDependency */ = {
			isa = PBXTargetDependency;
			target = 5201A1782BA33308006F7969 /* BottomSheetDropdown */;
			targetProxy = 5201A1902BA3330C006F7969 /* PBXContainerItemProxy */;
		};
		5201A19B2BA3330C006F7969 /* PBXTargetDependency */ = {
			isa = PBXTargetDependency;
			target = 5201A1782BA33308006F7969 /* BottomSheetDropdown */;
			targetProxy = 5201A19A2BA3330C006F7969 /* PBXContainerItemProxy */;
		};
/* End PBXTargetDependency section */

/* Begin PBXVariantGroup section */
		5201A1822BA33308006F7969 /* Main.storyboard */ = {
			isa = PBXVariantGroup;
			children = (
				5201A1832BA33308006F7969 /* Base */,
			);
			name = Main.storyboard;
			sourceTree = "<group>";
		};
		5201A1872BA3330B006F7969 /* LaunchScreen.storyboard */ = {
			isa = PBXVariantGroup;
			children = (
				5201A1882BA3330B006F7969 /* Base */,
			);
			name = LaunchScreen.storyboard;
			sourceTree = "<group>";
		};
/* End PBXVariantGroup section */

/* Begin XCBuildConfiguration section */
		5201A1A12BA3330C006F7969 /* Debug */ = {
			isa = XCBuildConfiguration;
			buildSettings = {
				ALWAYS_SEARCH_USER_PATHS = NO;
				CLANG_ANALYZER_NONNULL = YES;
				CLANG_ANALYZER_NUMBER_OBJECT_CONVERSION = YES_AGGRESSIVE;
				CLANG_CXX_LANGUAGE_STANDARD = "gnu++20";
				CLANG_ENABLE_MODULES = YES;
				CLANG_ENABLE_OBJC_ARC = YES;
				CLANG_ENABLE_OBJC_WEAK = YES;
				CLANG_WARN_BLOCK_CAPTURE_AUTORELEASING = YES;
				CLANG_WARN_BOOL_CONVERSION = YES;
				CLANG_WARN_COMMA = YES;
				CLANG_WARN_CONSTANT_CONVERSION = YES;
				CLANG_WARN_DEPRECATED_OBJC_IMPLEMENTATIONS = YES;
				CLANG_WARN_DIRECT_OBJC_ISA_USAGE = YES_ERROR;
				CLANG_WARN_DOCUMENTATION_COMMENTS = YES;
				CLANG_WARN_EMPTY_BODY = YES;
				CLANG_WARN_ENUM_CONVERSION = YES;
				CLANG_WARN_INFINITE_RECURSION = YES;
				CLANG_WARN_INT_CONVERSION = YES;
				CLANG_WARN_NON_LITERAL_NULL_CONVERSION = YES;
				CLANG_WARN_OBJC_IMPLICIT_RETAIN_SELF = YES;
				CLANG_WARN_OBJC_LITERAL_CONVERSION = YES;
				CLANG_WARN_OBJC_ROOT_CLASS = YES_ERROR;
				CLANG_WARN_QUOTED_INCLUDE_IN_FRAMEWORK_HEADER = YES;
				CLANG_WARN_RANGE_LOOP_ANALYSIS = YES;
				CLANG_WARN_STRICT_PROTOTYPES = YES;
				CLANG_WARN_SUSPICIOUS_MOVE = YES;
				CLANG_WARN_UNGUARDED_AVAILABILITY = YES_AGGRESSIVE;
				CLANG_WARN_UNREACHABLE_CODE = YES;
				CLANG_WARN__DUPLICATE_METHOD_MATCH = YES;
				COPY_PHASE_STRIP = NO;
				DEBUG_INFORMATION_FORMAT = dwarf;
				ENABLE_STRICT_OBJC_MSGSEND = YES;
				ENABLE_TESTABILITY = YES;
				GCC_C_LANGUAGE_STANDARD = gnu11;
				GCC_DYNAMIC_NO_PIC = NO;
				GCC_NO_COMMON_BLOCKS = YES;
				GCC_OPTIMIZATION_LEVEL = 0;
				GCC_PREPROCESSOR_DEFINITIONS = (
					"DEBUG=1",
					"$(inherited)",
				);
				GCC_WARN_64_TO_32_BIT_CONVERSION = YES;
				GCC_WARN_ABOUT_RETURN_TYPE = YES_ERROR;
				GCC_WARN_UNDECLARED_SELECTOR = YES;
				GCC_WARN_UNINITIALIZED_AUTOS = YES_AGGRESSIVE;
				GCC_WARN_UNUSED_FUNCTION = YES;
				GCC_WARN_UNUSED_VARIABLE = YES;
				IPHONEOS_DEPLOYMENT_TARGET = 16.2;
				MTL_ENABLE_DEBUG_INFO = INCLUDE_SOURCE;
				MTL_FAST_MATH = YES;
				ONLY_ACTIVE_ARCH = YES;
				SDKROOT = iphoneos;
				SWIFT_ACTIVE_COMPILATION_CONDITIONS = DEBUG;
				SWIFT_OPTIMIZATION_LEVEL = "-Onone";
			};
			name = Debug;
		};
		5201A1A22BA3330C006F7969 /* Release */ = {
			isa = XCBuildConfiguration;
			buildSettings = {
				ALWAYS_SEARCH_USER_PATHS = NO;
				CLANG_ANALYZER_NONNULL = YES;
				CLANG_ANALYZER_NUMBER_OBJECT_CONVERSION = YES_AGGRESSIVE;
				CLANG_CXX_LANGUAGE_STANDARD = "gnu++20";
				CLANG_ENABLE_MODULES = YES;
				CLANG_ENABLE_OBJC_ARC = YES;
				CLANG_ENABLE_OBJC_WEAK = YES;
				CLANG_WARN_BLOCK_CAPTURE_AUTORELEASING = YES;
				CLANG_WARN_BOOL_CONVERSION = YES;
				CLANG_WARN_COMMA = YES;
				CLANG_WARN_CONSTANT_CONVERSION = YES;
				CLANG_WARN_DEPRECATED_OBJC_IMPLEMENTATIONS = YES;
				CLANG_WARN_DIRECT_OBJC_ISA_USAGE = YES_ERROR;
				CLANG_WARN_DOCUMENTATION_COMMENTS = YES;
				CLANG_WARN_EMPTY_BODY = YES;
				CLANG_WARN_ENUM_CONVERSION = YES;
				CLANG_WARN_INFINITE_RECURSION = YES;
				CLANG_WARN_INT_CONVERSION = YES;
				CLANG_WARN_NON_LITERAL_NULL_CONVERSION = YES;
				CLANG_WARN_OBJC_IMPLICIT_RETAIN_SELF = YES;
				CLANG_WARN_OBJC_LITERAL_CONVERSION = YES;
				CLANG_WARN_OBJC_ROOT_CLASS = YES_ERROR;
				CLANG_WARN_QUOTED_INCLUDE_IN_FRAMEWORK_HEADER = YES;
				CLANG_WARN_RANGE_LOOP_ANALYSIS = YES;
				CLANG_WARN_STRICT_PROTOTYPES = YES;
				CLANG_WARN_SUSPICIOUS_MOVE = YES;
				CLANG_WARN_UNGUARDED_AVAILABILITY = YES_AGGRESSIVE;
				CLANG_WARN_UNREACHABLE_CODE = YES;
				CLANG_WARN__DUPLICATE_METHOD_MATCH = YES;
				COPY_PHASE_STRIP = NO;
				DEBUG_INFORMATION_FORMAT = "dwarf-with-dsym";
				ENABLE_NS_ASSERTIONS = NO;
				ENABLE_STRICT_OBJC_MSGSEND = YES;
				GCC_C_LANGUAGE_STANDARD = gnu11;
				GCC_NO_COMMON_BLOCKS = YES;
				GCC_WARN_64_TO_32_BIT_CONVERSION = YES;
				GCC_WARN_ABOUT_RETURN_TYPE = YES_ERROR;
				GCC_WARN_UNDECLARED_SELECTOR = YES;
				GCC_WARN_UNINITIALIZED_AUTOS = YES_AGGRESSIVE;
				GCC_WARN_UNUSED_FUNCTION = YES;
				GCC_WARN_UNUSED_VARIABLE = YES;
				IPHONEOS_DEPLOYMENT_TARGET = 16.2;
				MTL_ENABLE_DEBUG_INFO = NO;
				MTL_FAST_MATH = YES;
				SDKROOT = iphoneos;
				SWIFT_COMPILATION_MODE = wholemodule;
				SWIFT_OPTIMIZATION_LEVEL = "-O";
				VALIDATE_PRODUCT = YES;
			};
			name = Release;
		};
		5201A1A42BA3330C006F7969 /* Debug */ = {
			isa = XCBuildConfiguration;
			buildSettings = {
				ASSETCATALOG_COMPILER_APPICON_NAME = AppIcon;
				ASSETCATALOG_COMPILER_GLOBAL_ACCENT_COLOR_NAME = AccentColor;
				CODE_SIGN_STYLE = Automatic;
				CURRENT_PROJECT_VERSION = 1;
				GENERATE_INFOPLIST_FILE = YES;
				INFOPLIST_FILE = BottomSheetDropdown/Info.plist;
				INFOPLIST_KEY_UIApplicationSupportsIndirectInputEvents = YES;
				INFOPLIST_KEY_UILaunchStoryboardName = LaunchScreen;
				INFOPLIST_KEY_UIMainStoryboardFile = Main;
				INFOPLIST_KEY_UISupportedInterfaceOrientations_iPad = "UIInterfaceOrientationPortrait UIInterfaceOrientationPortraitUpsideDown UIInterfaceOrientationLandscapeLeft UIInterfaceOrientationLandscapeRight";
				INFOPLIST_KEY_UISupportedInterfaceOrientations_iPhone = "UIInterfaceOrientationPortrait UIInterfaceOrientationLandscapeLeft UIInterfaceOrientationLandscapeRight";
				LD_RUNPATH_SEARCH_PATHS = (
					"$(inherited)",
					"@executable_path/Frameworks",
				);
				MARKETING_VERSION = 1.0;
				PRODUCT_BUNDLE_IDENTIFIER = com.tjana17.BottomSheetDropdown;
				PRODUCT_NAME = "$(TARGET_NAME)";
				SWIFT_EMIT_LOC_STRINGS = YES;
				SWIFT_VERSION = 5.0;
				TARGETED_DEVICE_FAMILY = "1,2";
			};
			name = Debug;
		};
		5201A1A52BA3330C006F7969 /* Release */ = {
			isa = XCBuildConfiguration;
			buildSettings = {
				ASSETCATALOG_COMPILER_APPICON_NAME = AppIcon;
				ASSETCATALOG_COMPILER_GLOBAL_ACCENT_COLOR_NAME = AccentColor;
				CODE_SIGN_STYLE = Automatic;
				CURRENT_PROJECT_VERSION = 1;
				GENERATE_INFOPLIST_FILE = YES;
				INFOPLIST_FILE = BottomSheetDropdown/Info.plist;
				INFOPLIST_KEY_UIApplicationSupportsIndirectInputEvents = YES;
				INFOPLIST_KEY_UILaunchStoryboardName = LaunchScreen;
				INFOPLIST_KEY_UIMainStoryboardFile = Main;
				INFOPLIST_KEY_UISupportedInterfaceOrientations_iPad = "UIInterfaceOrientationPortrait UIInterfaceOrientationPortraitUpsideDown UIInterfaceOrientationLandscapeLeft UIInterfaceOrientationLandscapeRight";
				INFOPLIST_KEY_UISupportedInterfaceOrientations_iPhone = "UIInterfaceOrientationPortrait UIInterfaceOrientationLandscapeLeft UIInterfaceOrientationLandscapeRight";
				LD_RUNPATH_SEARCH_PATHS = (
					"$(inherited)",
					"@executable_path/Frameworks",
				);
				MARKETING_VERSION = 1.0;
				PRODUCT_BUNDLE_IDENTIFIER = com.tjana17.BottomSheetDropdown;
				PRODUCT_NAME = "$(TARGET_NAME)";
				SWIFT_EMIT_LOC_STRINGS = YES;
				SWIFT_VERSION = 5.0;
				TARGETED_DEVICE_FAMILY = "1,2";
			};
			name = Release;
		};
		5201A1A72BA3330C006F7969 /* Debug */ = {
			isa = XCBuildConfiguration;
			buildSettings = {
				ALWAYS_EMBED_SWIFT_STANDARD_LIBRARIES = YES;
				BUNDLE_LOADER = "$(TEST_HOST)";
				CODE_SIGN_STYLE = Automatic;
				CURRENT_PROJECT_VERSION = 1;
				GENERATE_INFOPLIST_FILE = YES;
				IPHONEOS_DEPLOYMENT_TARGET = 16.2;
				MARKETING_VERSION = 1.0;
				PRODUCT_BUNDLE_IDENTIFIER = com.tjana17.BottomSheetDropdownTests;
				PRODUCT_NAME = "$(TARGET_NAME)";
				SWIFT_EMIT_LOC_STRINGS = NO;
				SWIFT_VERSION = 5.0;
				TARGETED_DEVICE_FAMILY = "1,2";
				TEST_HOST = "$(BUILT_PRODUCTS_DIR)/BottomSheetDropdown.app/$(BUNDLE_EXECUTABLE_FOLDER_PATH)/BottomSheetDropdown";
			};
			name = Debug;
		};
		5201A1A82BA3330C006F7969 /* Release */ = {
			isa = XCBuildConfiguration;
			buildSettings = {
				ALWAYS_EMBED_SWIFT_STANDARD_LIBRARIES = YES;
				BUNDLE_LOADER = "$(TEST_HOST)";
				CODE_SIGN_STYLE = Automatic;
				CURRENT_PROJECT_VERSION = 1;
				GENERATE_INFOPLIST_FILE = YES;
				IPHONEOS_DEPLOYMENT_TARGET = 16.2;
				MARKETING_VERSION = 1.0;
				PRODUCT_BUNDLE_IDENTIFIER = com.tjana17.BottomSheetDropdownTests;
				PRODUCT_NAME = "$(TARGET_NAME)";
				SWIFT_EMIT_LOC_STRINGS = NO;
				SWIFT_VERSION = 5.0;
				TARGETED_DEVICE_FAMILY = "1,2";
				TEST_HOST = "$(BUILT_PRODUCTS_DIR)/BottomSheetDropdown.app/$(BUNDLE_EXECUTABLE_FOLDER_PATH)/BottomSheetDropdown";
			};
			name = Release;
		};
		5201A1AA2BA3330C006F7969 /* Debug */ = {
			isa = XCBuildConfiguration;
			buildSettings = {
				ALWAYS_EMBED_SWIFT_STANDARD_LIBRARIES = YES;
				CODE_SIGN_STYLE = Automatic;
				CURRENT_PROJECT_VERSION = 1;
				GENERATE_INFOPLIST_FILE = YES;
				MARKETING_VERSION = 1.0;
				PRODUCT_BUNDLE_IDENTIFIER = com.tjana17.BottomSheetDropdownUITests;
				PRODUCT_NAME = "$(TARGET_NAME)";
				SWIFT_EMIT_LOC_STRINGS = NO;
				SWIFT_VERSION = 5.0;
				TARGETED_DEVICE_FAMILY = "1,2";
				TEST_TARGET_NAME = BottomSheetDropdown;
			};
			name = Debug;
		};
		5201A1AB2BA3330C006F7969 /* Release */ = {
			isa = XCBuildConfiguration;
			buildSettings = {
				ALWAYS_EMBED_SWIFT_STANDARD_LIBRARIES = YES;
				CODE_SIGN_STYLE = Automatic;
				CURRENT_PROJECT_VERSION = 1;
				GENERATE_INFOPLIST_FILE = YES;
				MARKETING_VERSION = 1.0;
				PRODUCT_BUNDLE_IDENTIFIER = com.tjana17.BottomSheetDropdownUITests;
				PRODUCT_NAME = "$(TARGET_NAME)";
				SWIFT_EMIT_LOC_STRINGS = NO;
				SWIFT_VERSION = 5.0;
				TARGETED_DEVICE_FAMILY = "1,2";
				TEST_TARGET_NAME = BottomSheetDropdown;
			};
			name = Release;
		};
/* End XCBuildConfiguration section */

/* Begin XCConfigurationList section */
		5201A1742BA33308006F7969 /* Build configuration list for PBXProject "BottomSheetDropdown" */ = {
			isa = XCConfigurationList;
			buildConfigurations = (
				5201A1A12BA3330C006F7969 /* Debug */,
				5201A1A22BA3330C006F7969 /* Release */,
			);
			defaultConfigurationIsVisible = 0;
			defaultConfigurationName = Release;
		};
		5201A1A32BA3330C006F7969 /* Build configuration list for PBXNativeTarget "BottomSheetDropdown" */ = {
			isa = XCConfigurationList;
			buildConfigurations = (
				5201A1A42BA3330C006F7969 /* Debug */,
				5201A1A52BA3330C006F7969 /* Release */,
			);
			defaultConfigurationIsVisible = 0;
			defaultConfigurationName = Release;
		};
		5201A1A62BA3330C006F7969 /* Build configuration list for PBXNativeTarget "BottomSheetDropdownTests" */ = {
			isa = XCConfigurationList;
			buildConfigurations = (
				5201A1A72BA3330C006F7969 /* Debug */,
				5201A1A82BA3330C006F7969 /* Release */,
			);
			defaultConfigurationIsVisible = 0;
			defaultConfigurationName = Release;
		};
		5201A1A92BA3330C006F7969 /* Build configuration list for PBXNativeTarget "BottomSheetDropdownUITests" */ = {
			isa = XCConfigurationList;
			buildConfigurations = (
				5201A1AA2BA3330C006F7969 /* Debug */,
				5201A1AB2BA3330C006F7969 /* Release */,
			);
			defaultConfigurationIsVisible = 0;
			defaultConfigurationName = Release;
		};
/* End XCConfigurationList section */
	};
	rootObject = 5201A1712BA33308006F7969 /* Project object */;
}
